// !$*UTF8*$!
{
	archiveVersion = 1;
	classes = {
	};
	objectVersion = 55;
	objects = {

/* Begin PBXBuildFile section */
		04002FD729F7C759004908BB /* AboutUsViewController.swift in Sources */ = {isa = PBXBuildFile; fileRef = 04002FD629F7C759004908BB /* AboutUsViewController.swift */; };
		0400828929E803FB00444B26 /* User.swift in Sources */ = {isa = PBXBuildFile; fileRef = 0400828829E803FB00444B26 /* User.swift */; };
		040B09152A01441E001D6BA2 /* PopupViewController.swift in Sources */ = {isa = PBXBuildFile; fileRef = 040B09142A01441E001D6BA2 /* PopupViewController.swift */; };
		040F8FE02A090CCA005E7B14 /* MakeDropDown.swift in Sources */ = {isa = PBXBuildFile; fileRef = 040F8FDC2A090CC8005E7B14 /* MakeDropDown.swift */; };
		040F8FE12A090CCA005E7B14 /* CityModel.swift in Sources */ = {isa = PBXBuildFile; fileRef = 040F8FDD2A090CC9005E7B14 /* CityModel.swift */; };
		040F8FE22A090CCA005E7B14 /* DropDownTableViewCell.xib in Resources */ = {isa = PBXBuildFile; fileRef = 040F8FDE2A090CC9005E7B14 /* DropDownTableViewCell.xib */; };
		040F8FE32A090CCA005E7B14 /* DropDownTableViewCell.swift in Sources */ = {isa = PBXBuildFile; fileRef = 040F8FDF2A090CCA005E7B14 /* DropDownTableViewCell.swift */; };
		0412A9E62A37009E00A22197 /* ViewController2.swift in Sources */ = {isa = PBXBuildFile; fileRef = 0412A9E12A37009900A22197 /* ViewController2.swift */; };
		0412A9E72A37009E00A22197 /* ViewController3.swift in Sources */ = {isa = PBXBuildFile; fileRef = 0412A9E22A37009A00A22197 /* ViewController3.swift */; };
		0412A9E82A37009E00A22197 /* OnBoardingViewController.swift in Sources */ = {isa = PBXBuildFile; fileRef = 0412A9E32A37009C00A22197 /* OnBoardingViewController.swift */; };
		0412A9E92A37009E00A22197 /* OnBoardingPageViewController.swift in Sources */ = {isa = PBXBuildFile; fileRef = 0412A9E42A37009D00A22197 /* OnBoardingPageViewController.swift */; };
		0412A9EA2A37009E00A22197 /* ViewController1.swift in Sources */ = {isa = PBXBuildFile; fileRef = 0412A9E52A37009E00A22197 /* ViewController1.swift */; };
		0412A9EE2A370C3900A22197 /* GoogleService-Info.plist in Resources */ = {isa = PBXBuildFile; fileRef = 0412A9ED2A370C3900A22197 /* GoogleService-Info.plist */; };
		0413060229EFA4F0009116F7 /* alarm-1.wav in Resources */ = {isa = PBXBuildFile; fileRef = 0413060129EFA4F0009116F7 /* alarm-1.wav */; };
		0421ED7E29D5975B00C25C37 /* CustomTabBar.swift in Sources */ = {isa = PBXBuildFile; fileRef = 0421ED7D29D5975B00C25C37 /* CustomTabBar.swift */; };
		0421ED8029D5979A00C25C37 /* CustomTabBarController.swift in Sources */ = {isa = PBXBuildFile; fileRef = 0421ED7F29D5979A00C25C37 /* CustomTabBarController.swift */; };
		0423F13F29E01E9100AF7C6F /* SeachTaskViewController.swift in Sources */ = {isa = PBXBuildFile; fileRef = 0423F13E29E01E9100AF7C6F /* SeachTaskViewController.swift */; };
		0423F14129E01F4800AF7C6F /* TestTableCell.swift in Sources */ = {isa = PBXBuildFile; fileRef = 0423F14029E01F4800AF7C6F /* TestTableCell.swift */; };
		04247C8A2A45D06D00EC6F81 /* AddTaskViewController.swift in Sources */ = {isa = PBXBuildFile; fileRef = 04247C892A45D06D00EC6F81 /* AddTaskViewController.swift */; };
		044C30E429D57EC200DC627B /* CustomView.swift in Sources */ = {isa = PBXBuildFile; fileRef = 044C30E329D57EC200DC627B /* CustomView.swift */; };
		044C30E629D588D100DC627B /* CustomLabel.swift in Sources */ = {isa = PBXBuildFile; fileRef = 044C30E529D588D100DC627B /* CustomLabel.swift */; };
		044C30E829D5897100DC627B /* CornerView.swift in Sources */ = {isa = PBXBuildFile; fileRef = 044C30E729D5897100DC627B /* CornerView.swift */; };
		045C530929E52538009B1F45 /* CreateTaskViewController.swift in Sources */ = {isa = PBXBuildFile; fileRef = 045C530829E52537009B1F45 /* CreateTaskViewController.swift */; };
		045C530D29E526CB009B1F45 /* HomeCollectionViewCell.swift in Sources */ = {isa = PBXBuildFile; fileRef = 045C530C29E526CB009B1F45 /* HomeCollectionViewCell.swift */; };
		045E429229E56FE4005D3204 /* Utilities.swift in Sources */ = {isa = PBXBuildFile; fileRef = 045E429129E56FE4005D3204 /* Utilities.swift */; };
		045E429529E57006005D3204 /* Constants.swift in Sources */ = {isa = PBXBuildFile; fileRef = 045E429429E57006005D3204 /* Constants.swift */; };
		045E429929E57A85005D3204 /* InitialTabController.swift in Sources */ = {isa = PBXBuildFile; fileRef = 045E429829E57A85005D3204 /* InitialTabController.swift */; };
		045E429C29E57ECC005D3204 /* BaseViewController.swift in Sources */ = {isa = PBXBuildFile; fileRef = 045E429B29E57ECC005D3204 /* BaseViewController.swift */; };
		0463DDC529FF0F08007DB454 /* AddCategoryViewController.swift in Sources */ = {isa = PBXBuildFile; fileRef = 0463DDC429FF0F08007DB454 /* AddCategoryViewController.swift */; };
		046D349E2A0E873700C5610A /* final tone.mp3 in Resources */ = {isa = PBXBuildFile; fileRef = 046D349D2A0E873700C5610A /* final tone.mp3 */; };
		046D34A02A0E882B00C5610A /* beep4.mp3 in Resources */ = {isa = PBXBuildFile; fileRef = 046D349F2A0E882B00C5610A /* beep4.mp3 */; };
		047983AB29E423E6003B9C07 /* TaskCell.swift in Sources */ = {isa = PBXBuildFile; fileRef = 047983A929E423E6003B9C07 /* TaskCell.swift */; };
		047983AC29E423E6003B9C07 /* TaskCell.xib in Resources */ = {isa = PBXBuildFile; fileRef = 047983AA29E423E6003B9C07 /* TaskCell.xib */; };
		04928C962A0BAD4A008C3E6C /* InitialNavigationController.swift in Sources */ = {isa = PBXBuildFile; fileRef = 04928C952A0BAD4A008C3E6C /* InitialNavigationController.swift */; };
		049ED85E2A481921008EA474 /* HomeViewController2.swift in Sources */ = {isa = PBXBuildFile; fileRef = 049ED85D2A481921008EA474 /* HomeViewController2.swift */; };
		049ED8612A49598A008EA474 /* TaskCell2.xib in Resources */ = {isa = PBXBuildFile; fileRef = 049ED8602A49598A008EA474 /* TaskCell2.xib */; };
		049ED8632A4959CF008EA474 /* TaskCell2.swift in Sources */ = {isa = PBXBuildFile; fileRef = 049ED8622A4959CF008EA474 /* TaskCell2.swift */; };
		049ED8652A498655008EA474 /* HomeCollectionViewCell2.swift in Sources */ = {isa = PBXBuildFile; fileRef = 049ED8642A498655008EA474 /* HomeCollectionViewCell2.swift */; };
		049ED8672A499CDF008EA474 /* CustomViewWithGesture.swift in Sources */ = {isa = PBXBuildFile; fileRef = 049ED8662A499CDF008EA474 /* CustomViewWithGesture.swift */; };
		04A5093A29FFECD6002818CE /* CategoryIconViewController.swift in Sources */ = {isa = PBXBuildFile; fileRef = 04A5093929FFECD6002818CE /* CategoryIconViewController.swift */; };
		04A5093E29FFED92002818CE /* CategoryIconsCollectionViewCell.swift in Sources */ = {isa = PBXBuildFile; fileRef = 04A5093D29FFED92002818CE /* CategoryIconsCollectionViewCell.swift */; };
		04B32B1A2A39E6C70054AFB7 /* SignUpViewController.swift in Sources */ = {isa = PBXBuildFile; fileRef = 04B32B192A39E6C70054AFB7 /* SignUpViewController.swift */; };
		04BB97CA2A0A563900EF7F50 /* TabBarViewController.swift in Sources */ = {isa = PBXBuildFile; fileRef = 04BB97C92A0A563900EF7F50 /* TabBarViewController.swift */; };
		04C0A4FB29D43D18005B82DD /* AppDelegate.swift in Sources */ = {isa = PBXBuildFile; fileRef = 04C0A4FA29D43D18005B82DD /* AppDelegate.swift */; };
		04C0A4FD29D43D18005B82DD /* SceneDelegate.swift in Sources */ = {isa = PBXBuildFile; fileRef = 04C0A4FC29D43D18005B82DD /* SceneDelegate.swift */; };
		04C0A50229D43D18005B82DD /* Main.storyboard in Resources */ = {isa = PBXBuildFile; fileRef = 04C0A50029D43D18005B82DD /* Main.storyboard */; };
		04C0A50429D43D1A005B82DD /* Assets.xcassets in Resources */ = {isa = PBXBuildFile; fileRef = 04C0A50329D43D1A005B82DD /* Assets.xcassets */; };
		04C0A50729D43D1A005B82DD /* LaunchScreen.storyboard in Resources */ = {isa = PBXBuildFile; fileRef = 04C0A50529D43D1A005B82DD /* LaunchScreen.storyboard */; };
		04C0A51229D43D1A005B82DD /* ToDoAppTests.swift in Sources */ = {isa = PBXBuildFile; fileRef = 04C0A51129D43D1A005B82DD /* ToDoAppTests.swift */; };
		04C0A51C29D43D1A005B82DD /* ToDoAppUITests.swift in Sources */ = {isa = PBXBuildFile; fileRef = 04C0A51B29D43D1A005B82DD /* ToDoAppUITests.swift */; };
		04C0A51E29D43D1A005B82DD /* ToDoAppUITestsLaunchTests.swift in Sources */ = {isa = PBXBuildFile; fileRef = 04C0A51D29D43D1A005B82DD /* ToDoAppUITestsLaunchTests.swift */; };
		04D1459C29FFBBC3006F1B79 /* ColorCollectionViewCell.swift in Sources */ = {isa = PBXBuildFile; fileRef = 04D1459B29FFBBC3006F1B79 /* ColorCollectionViewCell.swift */; };
		04D1459F29FFBCEA006F1B79 /* UIColorExtension.swift in Sources */ = {isa = PBXBuildFile; fileRef = 04D1459E29FFBCEA006F1B79 /* UIColorExtension.swift */; };
		04D1E86229ECFCAF002829D5 /* Task.swift in Sources */ = {isa = PBXBuildFile; fileRef = 04D1E86129ECFCAF002829D5 /* Task.swift */; };
		04D1E86529ED0D00002829D5 /* TaskCategory.swift in Sources */ = {isa = PBXBuildFile; fileRef = 04D1E86429ED0D00002829D5 /* TaskCategory.swift */; };
		04D7EF1729D6E1A4006A970D /* CalendarViewController.swift in Sources */ = {isa = PBXBuildFile; fileRef = 04D7EF1629D6E1A4006A970D /* CalendarViewController.swift */; };
		04DFB19D2A120EAA00BC729D /* alarm-2.wav in Resources */ = {isa = PBXBuildFile; fileRef = 04DFB19C2A120EAA00BC729D /* alarm-2.wav */; };
		04F28B7629E3C5F900B5D5DA /* SettingViewController.swift in Sources */ = {isa = PBXBuildFile; fileRef = 04F28B7529E3C5F900B5D5DA /* SettingViewController.swift */; };
		04F53EC32A02564F00852FC1 /* MonthYear.swift in Sources */ = {isa = PBXBuildFile; fileRef = 04F53EC22A02564F00852FC1 /* MonthYear.swift */; };
		04F53EC82A026A7F00852FC1 /* MonthYearPickerViewController.xib in Resources */ = {isa = PBXBuildFile; fileRef = 04F53EC72A026A7F00852FC1 /* MonthYearPickerViewController.xib */; };
		04F53ECB2A026ABC00852FC1 /* MonthYearPickerView.swift in Sources */ = {isa = PBXBuildFile; fileRef = 04F53EC92A026ABB00852FC1 /* MonthYearPickerView.swift */; };
		04F53ECC2A026ABC00852FC1 /* MonthYearPickerViewController.swift in Sources */ = {isa = PBXBuildFile; fileRef = 04F53ECA2A026ABC00852FC1 /* MonthYearPickerViewController.swift */; };
		04F53ECE2A026AC700852FC1 /* CustomVisualEffectView.swift in Sources */ = {isa = PBXBuildFile; fileRef = 04F53ECD2A026AC700852FC1 /* CustomVisualEffectView.swift */; };
		A301D1B87E4630E37FBA5A58 /* Pods_ToDoApp.framework in Frameworks */ = {isa = PBXBuildFile; fileRef = F696C7720B1D79D053DA9B77 /* Pods_ToDoApp.framework */; };
		E06BF03929E959860020C245 /* CustomSegmentedControl.swift in Sources */ = {isa = PBXBuildFile; fileRef = E06BF03829E959860020C245 /* CustomSegmentedControl.swift */; };
		E0E806F929EEB4CB0068FC37 /* CategoryCollectionViewCell.swift in Sources */ = {isa = PBXBuildFile; fileRef = E0E806F829EEB4CB0068FC37 /* CategoryCollectionViewCell.swift */; };
		E0E806FB29EEB4E80068FC37 /* HomeTableViewCell.swift in Sources */ = {isa = PBXBuildFile; fileRef = E0E806FA29EEB4E80068FC37 /* HomeTableViewCell.swift */; };
		E0E806FF29EEB52A0068FC37 /* HomeViewController.swift in Sources */ = {isa = PBXBuildFile; fileRef = E0E806FC29EEB51C0068FC37 /* HomeViewController.swift */; };
		E0E8070029EEB52A0068FC37 /* InitialViewController.swift in Sources */ = {isa = PBXBuildFile; fileRef = E0E806FD29EEB5250068FC37 /* InitialViewController.swift */; };
		E0E8070129EEB52A0068FC37 /* CategoryViewController.swift in Sources */ = {isa = PBXBuildFile; fileRef = E0E806FE29EEB52A0068FC37 /* CategoryViewController.swift */; };
		E0E8070429EEB57E0068FC37 /* TasksView.xib in Resources */ = {isa = PBXBuildFile; fileRef = E0E8070229EEB57A0068FC37 /* TasksView.xib */; };
		E0E8070529EEB57E0068FC37 /* TasksView.swift in Sources */ = {isa = PBXBuildFile; fileRef = E0E8070329EEB57E0068FC37 /* TasksView.swift */; };
		E0E8070729EEB7ED0068FC37 /* Extensions.swift in Sources */ = {isa = PBXBuildFile; fileRef = E0E8070629EEB7ED0068FC37 /* Extensions.swift */; };
/* End PBXBuildFile section */

/* Begin PBXContainerItemProxy section */
		04C0A50E29D43D1A005B82DD /* PBXContainerItemProxy */ = {
			isa = PBXContainerItemProxy;
			containerPortal = 04C0A4EF29D43D18005B82DD /* Project object */;
			proxyType = 1;
			remoteGlobalIDString = 04C0A4F629D43D18005B82DD;
			remoteInfo = ToDoApp;
		};
		04C0A51829D43D1A005B82DD /* PBXContainerItemProxy */ = {
			isa = PBXContainerItemProxy;
			containerPortal = 04C0A4EF29D43D18005B82DD /* Project object */;
			proxyType = 1;
			remoteGlobalIDString = 04C0A4F629D43D18005B82DD;
			remoteInfo = ToDoApp;
		};
/* End PBXContainerItemProxy section */

/* Begin PBXFileReference section */
		04002FD629F7C759004908BB /* AboutUsViewController.swift */ = {isa = PBXFileReference; lastKnownFileType = sourcecode.swift; path = AboutUsViewController.swift; sourceTree = "<group>"; };
		0400828829E803FB00444B26 /* User.swift */ = {isa = PBXFileReference; fileEncoding = 4; lastKnownFileType = sourcecode.swift; path = User.swift; sourceTree = "<group>"; };
		040B09142A01441E001D6BA2 /* PopupViewController.swift */ = {isa = PBXFileReference; lastKnownFileType = sourcecode.swift; path = PopupViewController.swift; sourceTree = "<group>"; };
		040F8FDC2A090CC8005E7B14 /* MakeDropDown.swift */ = {isa = PBXFileReference; fileEncoding = 4; lastKnownFileType = sourcecode.swift; path = MakeDropDown.swift; sourceTree = "<group>"; };
		040F8FDD2A090CC9005E7B14 /* CityModel.swift */ = {isa = PBXFileReference; fileEncoding = 4; lastKnownFileType = sourcecode.swift; path = CityModel.swift; sourceTree = "<group>"; };
		040F8FDE2A090CC9005E7B14 /* DropDownTableViewCell.xib */ = {isa = PBXFileReference; fileEncoding = 4; lastKnownFileType = file.xib; path = DropDownTableViewCell.xib; sourceTree = "<group>"; };
		040F8FDF2A090CCA005E7B14 /* DropDownTableViewCell.swift */ = {isa = PBXFileReference; fileEncoding = 4; lastKnownFileType = sourcecode.swift; path = DropDownTableViewCell.swift; sourceTree = "<group>"; };
		0412A9E02A36F8B700A22197 /* ToDoApp.entitlements */ = {isa = PBXFileReference; lastKnownFileType = text.plist.entitlements; path = ToDoApp.entitlements; sourceTree = "<group>"; };
		0412A9E12A37009900A22197 /* ViewController2.swift */ = {isa = PBXFileReference; fileEncoding = 4; lastKnownFileType = sourcecode.swift; path = ViewController2.swift; sourceTree = "<group>"; };
		0412A9E22A37009A00A22197 /* ViewController3.swift */ = {isa = PBXFileReference; fileEncoding = 4; lastKnownFileType = sourcecode.swift; path = ViewController3.swift; sourceTree = "<group>"; };
		0412A9E32A37009C00A22197 /* OnBoardingViewController.swift */ = {isa = PBXFileReference; fileEncoding = 4; lastKnownFileType = sourcecode.swift; path = OnBoardingViewController.swift; sourceTree = "<group>"; };
		0412A9E42A37009D00A22197 /* OnBoardingPageViewController.swift */ = {isa = PBXFileReference; fileEncoding = 4; lastKnownFileType = sourcecode.swift; path = OnBoardingPageViewController.swift; sourceTree = "<group>"; };
		0412A9E52A37009E00A22197 /* ViewController1.swift */ = {isa = PBXFileReference; fileEncoding = 4; lastKnownFileType = sourcecode.swift; path = ViewController1.swift; sourceTree = "<group>"; };
		0412A9ED2A370C3900A22197 /* GoogleService-Info.plist */ = {isa = PBXFileReference; fileEncoding = 4; lastKnownFileType = text.plist.xml; path = "GoogleService-Info.plist"; sourceTree = "<group>"; };
		0413060129EFA4F0009116F7 /* alarm-1.wav */ = {isa = PBXFileReference; lastKnownFileType = audio.wav; path = "alarm-1.wav"; sourceTree = "<group>"; };
		0421ED7D29D5975B00C25C37 /* CustomTabBar.swift */ = {isa = PBXFileReference; lastKnownFileType = sourcecode.swift; path = CustomTabBar.swift; sourceTree = "<group>"; };
		0421ED7F29D5979A00C25C37 /* CustomTabBarController.swift */ = {isa = PBXFileReference; lastKnownFileType = sourcecode.swift; path = CustomTabBarController.swift; sourceTree = "<group>"; };
		0423F13E29E01E9100AF7C6F /* SeachTaskViewController.swift */ = {isa = PBXFileReference; lastKnownFileType = sourcecode.swift; path = SeachTaskViewController.swift; sourceTree = "<group>"; };
		0423F14029E01F4800AF7C6F /* TestTableCell.swift */ = {isa = PBXFileReference; lastKnownFileType = sourcecode.swift; path = TestTableCell.swift; sourceTree = "<group>"; };
		04247C892A45D06D00EC6F81 /* AddTaskViewController.swift */ = {isa = PBXFileReference; lastKnownFileType = sourcecode.swift; path = AddTaskViewController.swift; sourceTree = "<group>"; };
		044C30E329D57EC200DC627B /* CustomView.swift */ = {isa = PBXFileReference; fileEncoding = 4; lastKnownFileType = sourcecode.swift; path = CustomView.swift; sourceTree = "<group>"; };
		044C30E529D588D100DC627B /* CustomLabel.swift */ = {isa = PBXFileReference; fileEncoding = 4; lastKnownFileType = sourcecode.swift; path = CustomLabel.swift; sourceTree = "<group>"; };
		044C30E729D5897100DC627B /* CornerView.swift */ = {isa = PBXFileReference; fileEncoding = 4; lastKnownFileType = sourcecode.swift; path = CornerView.swift; sourceTree = "<group>"; };
		045C530829E52537009B1F45 /* CreateTaskViewController.swift */ = {isa = PBXFileReference; lastKnownFileType = sourcecode.swift; path = CreateTaskViewController.swift; sourceTree = "<group>"; };
		045C530C29E526CB009B1F45 /* HomeCollectionViewCell.swift */ = {isa = PBXFileReference; fileEncoding = 4; lastKnownFileType = sourcecode.swift; path = HomeCollectionViewCell.swift; sourceTree = "<group>"; };
		045E429129E56FE4005D3204 /* Utilities.swift */ = {isa = PBXFileReference; fileEncoding = 4; lastKnownFileType = sourcecode.swift; path = Utilities.swift; sourceTree = "<group>"; };
		045E429429E57006005D3204 /* Constants.swift */ = {isa = PBXFileReference; fileEncoding = 4; lastKnownFileType = sourcecode.swift; path = Constants.swift; sourceTree = "<group>"; };
		045E429829E57A85005D3204 /* InitialTabController.swift */ = {isa = PBXFileReference; lastKnownFileType = sourcecode.swift; path = InitialTabController.swift; sourceTree = "<group>"; };
		045E429B29E57ECC005D3204 /* BaseViewController.swift */ = {isa = PBXFileReference; lastKnownFileType = sourcecode.swift; path = BaseViewController.swift; sourceTree = "<group>"; };
		0463DDC429FF0F08007DB454 /* AddCategoryViewController.swift */ = {isa = PBXFileReference; lastKnownFileType = sourcecode.swift; path = AddCategoryViewController.swift; sourceTree = "<group>"; };
		046D349D2A0E873700C5610A /* final tone.mp3 */ = {isa = PBXFileReference; lastKnownFileType = audio.mp3; path = "final tone.mp3"; sourceTree = "<group>"; };
		046D349F2A0E882B00C5610A /* beep4.mp3 */ = {isa = PBXFileReference; lastKnownFileType = audio.mp3; path = beep4.mp3; sourceTree = "<group>"; };
		047983A929E423E6003B9C07 /* TaskCell.swift */ = {isa = PBXFileReference; lastKnownFileType = sourcecode.swift; path = TaskCell.swift; sourceTree = "<group>"; };
		047983AA29E423E6003B9C07 /* TaskCell.xib */ = {isa = PBXFileReference; lastKnownFileType = file.xib; path = TaskCell.xib; sourceTree = "<group>"; };
		04928C952A0BAD4A008C3E6C /* InitialNavigationController.swift */ = {isa = PBXFileReference; lastKnownFileType = sourcecode.swift; path = InitialNavigationController.swift; sourceTree = "<group>"; };
		049ED85D2A481921008EA474 /* HomeViewController2.swift */ = {isa = PBXFileReference; lastKnownFileType = sourcecode.swift; path = HomeViewController2.swift; sourceTree = "<group>"; };
		049ED8602A49598A008EA474 /* TaskCell2.xib */ = {isa = PBXFileReference; lastKnownFileType = file.xib; path = TaskCell2.xib; sourceTree = "<group>"; };
		049ED8622A4959CF008EA474 /* TaskCell2.swift */ = {isa = PBXFileReference; lastKnownFileType = sourcecode.swift; path = TaskCell2.swift; sourceTree = "<group>"; };
		049ED8642A498655008EA474 /* HomeCollectionViewCell2.swift */ = {isa = PBXFileReference; lastKnownFileType = sourcecode.swift; path = HomeCollectionViewCell2.swift; sourceTree = "<group>"; };
		049ED8662A499CDF008EA474 /* CustomViewWithGesture.swift */ = {isa = PBXFileReference; lastKnownFileType = sourcecode.swift; path = CustomViewWithGesture.swift; sourceTree = "<group>"; };
		04A5093929FFECD6002818CE /* CategoryIconViewController.swift */ = {isa = PBXFileReference; lastKnownFileType = sourcecode.swift; path = CategoryIconViewController.swift; sourceTree = "<group>"; };
		04A5093D29FFED92002818CE /* CategoryIconsCollectionViewCell.swift */ = {isa = PBXFileReference; lastKnownFileType = sourcecode.swift; path = CategoryIconsCollectionViewCell.swift; sourceTree = "<group>"; };
		04B32B192A39E6C70054AFB7 /* SignUpViewController.swift */ = {isa = PBXFileReference; fileEncoding = 4; lastKnownFileType = sourcecode.swift; path = SignUpViewController.swift; sourceTree = "<group>"; };
		04BB97C92A0A563900EF7F50 /* TabBarViewController.swift */ = {isa = PBXFileReference; lastKnownFileType = sourcecode.swift; path = TabBarViewController.swift; sourceTree = "<group>"; };
		04C0A4F729D43D18005B82DD /* ToDoApp.app */ = {isa = PBXFileReference; explicitFileType = wrapper.application; includeInIndex = 0; path = ToDoApp.app; sourceTree = BUILT_PRODUCTS_DIR; };
		04C0A4FA29D43D18005B82DD /* AppDelegate.swift */ = {isa = PBXFileReference; lastKnownFileType = sourcecode.swift; path = AppDelegate.swift; sourceTree = "<group>"; };
		04C0A4FC29D43D18005B82DD /* SceneDelegate.swift */ = {isa = PBXFileReference; lastKnownFileType = sourcecode.swift; path = SceneDelegate.swift; sourceTree = "<group>"; };
		04C0A50129D43D18005B82DD /* Base */ = {isa = PBXFileReference; lastKnownFileType = file.storyboard; name = Base; path = Base.lproj/Main.storyboard; sourceTree = "<group>"; };
		04C0A50329D43D1A005B82DD /* Assets.xcassets */ = {isa = PBXFileReference; lastKnownFileType = folder.assetcatalog; path = Assets.xcassets; sourceTree = "<group>"; };
		04C0A50629D43D1A005B82DD /* Base */ = {isa = PBXFileReference; lastKnownFileType = file.storyboard; name = Base; path = Base.lproj/LaunchScreen.storyboard; sourceTree = "<group>"; };
		04C0A50829D43D1A005B82DD /* Info.plist */ = {isa = PBXFileReference; lastKnownFileType = text.plist.xml; path = Info.plist; sourceTree = "<group>"; };
		04C0A50D29D43D1A005B82DD /* ToDoAppTests.xctest */ = {isa = PBXFileReference; explicitFileType = wrapper.cfbundle; includeInIndex = 0; path = ToDoAppTests.xctest; sourceTree = BUILT_PRODUCTS_DIR; };
		04C0A51129D43D1A005B82DD /* ToDoAppTests.swift */ = {isa = PBXFileReference; lastKnownFileType = sourcecode.swift; path = ToDoAppTests.swift; sourceTree = "<group>"; };
		04C0A51729D43D1A005B82DD /* ToDoAppUITests.xctest */ = {isa = PBXFileReference; explicitFileType = wrapper.cfbundle; includeInIndex = 0; path = ToDoAppUITests.xctest; sourceTree = BUILT_PRODUCTS_DIR; };
		04C0A51B29D43D1A005B82DD /* ToDoAppUITests.swift */ = {isa = PBXFileReference; lastKnownFileType = sourcecode.swift; path = ToDoAppUITests.swift; sourceTree = "<group>"; };
		04C0A51D29D43D1A005B82DD /* ToDoAppUITestsLaunchTests.swift */ = {isa = PBXFileReference; lastKnownFileType = sourcecode.swift; path = ToDoAppUITestsLaunchTests.swift; sourceTree = "<group>"; };
		04D1459B29FFBBC3006F1B79 /* ColorCollectionViewCell.swift */ = {isa = PBXFileReference; lastKnownFileType = sourcecode.swift; path = ColorCollectionViewCell.swift; sourceTree = "<group>"; };
		04D1459E29FFBCEA006F1B79 /* UIColorExtension.swift */ = {isa = PBXFileReference; fileEncoding = 4; lastKnownFileType = sourcecode.swift; path = UIColorExtension.swift; sourceTree = "<group>"; };
		04D1E86129ECFCAF002829D5 /* Task.swift */ = {isa = PBXFileReference; fileEncoding = 4; lastKnownFileType = sourcecode.swift; path = Task.swift; sourceTree = "<group>"; };
		04D1E86429ED0D00002829D5 /* TaskCategory.swift */ = {isa = PBXFileReference; fileEncoding = 4; lastKnownFileType = sourcecode.swift; path = TaskCategory.swift; sourceTree = "<group>"; };
		04D7EF1629D6E1A4006A970D /* CalendarViewController.swift */ = {isa = PBXFileReference; lastKnownFileType = sourcecode.swift; path = CalendarViewController.swift; sourceTree = "<group>"; };
		04DFB19C2A120EAA00BC729D /* alarm-2.wav */ = {isa = PBXFileReference; lastKnownFileType = audio.wav; path = "alarm-2.wav"; sourceTree = "<group>"; };
		04F28B7529E3C5F900B5D5DA /* SettingViewController.swift */ = {isa = PBXFileReference; lastKnownFileType = sourcecode.swift; path = SettingViewController.swift; sourceTree = "<group>"; };
		04F53EC22A02564F00852FC1 /* MonthYear.swift */ = {isa = PBXFileReference; fileEncoding = 4; lastKnownFileType = sourcecode.swift; path = MonthYear.swift; sourceTree = "<group>"; };
		04F53EC72A026A7F00852FC1 /* MonthYearPickerViewController.xib */ = {isa = PBXFileReference; fileEncoding = 4; lastKnownFileType = file.xib; path = MonthYearPickerViewController.xib; sourceTree = "<group>"; };
		04F53EC92A026ABB00852FC1 /* MonthYearPickerView.swift */ = {isa = PBXFileReference; fileEncoding = 4; lastKnownFileType = sourcecode.swift; path = MonthYearPickerView.swift; sourceTree = "<group>"; };
		04F53ECA2A026ABC00852FC1 /* MonthYearPickerViewController.swift */ = {isa = PBXFileReference; fileEncoding = 4; lastKnownFileType = sourcecode.swift; path = MonthYearPickerViewController.swift; sourceTree = "<group>"; };
		04F53ECD2A026AC700852FC1 /* CustomVisualEffectView.swift */ = {isa = PBXFileReference; fileEncoding = 4; lastKnownFileType = sourcecode.swift; path = CustomVisualEffectView.swift; sourceTree = "<group>"; };
		14B3BB3DE2861F53460FED61 /* Pods-ToDoApp.release.xcconfig */ = {isa = PBXFileReference; includeInIndex = 1; lastKnownFileType = text.xcconfig; name = "Pods-ToDoApp.release.xcconfig"; path = "Target Support Files/Pods-ToDoApp/Pods-ToDoApp.release.xcconfig"; sourceTree = "<group>"; };
		7F3D6A78B107B65A4DA3A5FE /* Pods-ToDoApp.debug.xcconfig */ = {isa = PBXFileReference; includeInIndex = 1; lastKnownFileType = text.xcconfig; name = "Pods-ToDoApp.debug.xcconfig"; path = "Target Support Files/Pods-ToDoApp/Pods-ToDoApp.debug.xcconfig"; sourceTree = "<group>"; };
		E06BF03829E959860020C245 /* CustomSegmentedControl.swift */ = {isa = PBXFileReference; fileEncoding = 4; lastKnownFileType = sourcecode.swift; path = CustomSegmentedControl.swift; sourceTree = "<group>"; };
		E0E806F829EEB4CB0068FC37 /* CategoryCollectionViewCell.swift */ = {isa = PBXFileReference; fileEncoding = 4; lastKnownFileType = sourcecode.swift; path = CategoryCollectionViewCell.swift; sourceTree = "<group>"; };
		E0E806FA29EEB4E80068FC37 /* HomeTableViewCell.swift */ = {isa = PBXFileReference; fileEncoding = 4; lastKnownFileType = sourcecode.swift; path = HomeTableViewCell.swift; sourceTree = "<group>"; };
		E0E806FC29EEB51C0068FC37 /* HomeViewController.swift */ = {isa = PBXFileReference; fileEncoding = 4; lastKnownFileType = sourcecode.swift; path = HomeViewController.swift; sourceTree = "<group>"; };
		E0E806FD29EEB5250068FC37 /* InitialViewController.swift */ = {isa = PBXFileReference; fileEncoding = 4; lastKnownFileType = sourcecode.swift; path = InitialViewController.swift; sourceTree = "<group>"; };
		E0E806FE29EEB52A0068FC37 /* CategoryViewController.swift */ = {isa = PBXFileReference; fileEncoding = 4; lastKnownFileType = sourcecode.swift; path = CategoryViewController.swift; sourceTree = "<group>"; };
		E0E8070229EEB57A0068FC37 /* TasksView.xib */ = {isa = PBXFileReference; fileEncoding = 4; lastKnownFileType = file.xib; path = TasksView.xib; sourceTree = "<group>"; };
		E0E8070329EEB57E0068FC37 /* TasksView.swift */ = {isa = PBXFileReference; fileEncoding = 4; lastKnownFileType = sourcecode.swift; path = TasksView.swift; sourceTree = "<group>"; };
		E0E8070629EEB7ED0068FC37 /* Extensions.swift */ = {isa = PBXFileReference; fileEncoding = 4; lastKnownFileType = sourcecode.swift; path = Extensions.swift; sourceTree = "<group>"; };
		F696C7720B1D79D053DA9B77 /* Pods_ToDoApp.framework */ = {isa = PBXFileReference; explicitFileType = wrapper.framework; includeInIndex = 0; path = Pods_ToDoApp.framework; sourceTree = BUILT_PRODUCTS_DIR; };
/* End PBXFileReference section */

/* Begin PBXFrameworksBuildPhase section */
		04C0A4F429D43D18005B82DD /* Frameworks */ = {
			isa = PBXFrameworksBuildPhase;
			buildActionMask = 2147483647;
			files = (
				A301D1B87E4630E37FBA5A58 /* Pods_ToDoApp.framework in Frameworks */,
			);
			runOnlyForDeploymentPostprocessing = 0;
		};
		04C0A50A29D43D1A005B82DD /* Frameworks */ = {
			isa = PBXFrameworksBuildPhase;
			buildActionMask = 2147483647;
			files = (
			);
			runOnlyForDeploymentPostprocessing = 0;
		};
		04C0A51429D43D1A005B82DD /* Frameworks */ = {
			isa = PBXFrameworksBuildPhase;
			buildActionMask = 2147483647;
			files = (
			);
			runOnlyForDeploymentPostprocessing = 0;
		};
/* End PBXFrameworksBuildPhase section */

/* Begin PBXGroup section */
		0400828629E803D600444B26 /* Models */ = {
			isa = PBXGroup;
			children = (
				04D1E86329ED0C2A002829D5 /* Category */,
				04D1E86029ECFC87002829D5 /* Task */,
				0400828729E803EC00444B26 /* User */,
			);
			path = Models;
			sourceTree = "<group>";
		};
		0400828729E803EC00444B26 /* User */ = {
			isa = PBXGroup;
			children = (
				0400828829E803FB00444B26 /* User.swift */,
			);
			path = User;
			sourceTree = "<group>";
		};
		040F8FDB2A090CA3005E7B14 /* ThirdPartyLibs */ = {
			isa = PBXGroup;
			children = (
				040F8FDD2A090CC9005E7B14 /* CityModel.swift */,
				040F8FDF2A090CCA005E7B14 /* DropDownTableViewCell.swift */,
				040F8FDE2A090CC9005E7B14 /* DropDownTableViewCell.xib */,
				040F8FDC2A090CC8005E7B14 /* MakeDropDown.swift */,
			);
			path = ThirdPartyLibs;
			sourceTree = "<group>";
		};
		0410CDFD29D563E9000EA4CB /* ViewControllers */ = {
			isa = PBXGroup;
			children = (
				045E429829E57A85005D3204 /* InitialTabController.swift */,
				04B32B192A39E6C70054AFB7 /* SignUpViewController.swift */,
				045C530829E52537009B1F45 /* CreateTaskViewController.swift */,
				E0E806FE29EEB52A0068FC37 /* CategoryViewController.swift */,
				0423F13E29E01E9100AF7C6F /* SeachTaskViewController.swift */,
				0463DDC429FF0F08007DB454 /* AddCategoryViewController.swift */,
				04A5093929FFECD6002818CE /* CategoryIconViewController.swift */,
				040B09142A01441E001D6BA2 /* PopupViewController.swift */,
				E0E806FC29EEB51C0068FC37 /* HomeViewController.swift */,
				04D7EF1629D6E1A4006A970D /* CalendarViewController.swift */,
				04F28B7529E3C5F900B5D5DA /* SettingViewController.swift */,
				04002FD629F7C759004908BB /* AboutUsViewController.swift */,
				04BB97C92A0A563900EF7F50 /* TabBarViewController.swift */,
				04928C952A0BAD4A008C3E6C /* InitialNavigationController.swift */,
				E0E806FD29EEB5250068FC37 /* InitialViewController.swift */,
				0412A9E42A37009D00A22197 /* OnBoardingPageViewController.swift */,
				0412A9E32A37009C00A22197 /* OnBoardingViewController.swift */,
				0412A9E52A37009E00A22197 /* ViewController1.swift */,
				0412A9E12A37009900A22197 /* ViewController2.swift */,
				0412A9E22A37009A00A22197 /* ViewController3.swift */,
				04247C892A45D06D00EC6F81 /* AddTaskViewController.swift */,
				049ED85D2A481921008EA474 /* HomeViewController2.swift */,
			);
			path = ViewControllers;
			sourceTree = "<group>";
		};
		0410CE0029D564ED000EA4CB /* TableViewCells */ = {
			isa = PBXGroup;
			children = (
				E0E806FA29EEB4E80068FC37 /* HomeTableViewCell.swift */,
				0423F14029E01F4800AF7C6F /* TestTableCell.swift */,
			);
			path = TableViewCells;
			sourceTree = "<group>";
		};
		0410CE0329D56B59000EA4CB /* CollectionViewCells */ = {
			isa = PBXGroup;
			children = (
				04C0A4FC29D43D18005B82DD /* SceneDelegate.swift */,
				E0E806F829EEB4CB0068FC37 /* CategoryCollectionViewCell.swift */,
				045C530C29E526CB009B1F45 /* HomeCollectionViewCell.swift */,
				04D1459B29FFBBC3006F1B79 /* ColorCollectionViewCell.swift */,
				04A5093D29FFED92002818CE /* CategoryIconsCollectionViewCell.swift */,
				049ED8642A498655008EA474 /* HomeCollectionViewCell2.swift */,
			);
			path = CollectionViewCells;
			sourceTree = "<group>";
		};
		041305FE29EFA4BC009116F7 /* Alarm tones */ = {
			isa = PBXGroup;
			children = (
				04DFB19C2A120EAA00BC729D /* alarm-2.wav */,
				046D349F2A0E882B00C5610A /* beep4.mp3 */,
				046D349D2A0E873700C5610A /* final tone.mp3 */,
				0413060129EFA4F0009116F7 /* alarm-1.wav */,
			);
			path = "Alarm tones";
			sourceTree = "<group>";
		};
		0421ED7C29D5973700C25C37 /* Tab Bar */ = {
			isa = PBXGroup;
			children = (
				0421ED7D29D5975B00C25C37 /* CustomTabBar.swift */,
				0421ED7F29D5979A00C25C37 /* CustomTabBarController.swift */,
			);
			path = "Tab Bar";
			sourceTree = "<group>";
		};
		045C531029E52706009B1F45 /* TaskCell */ = {
			isa = PBXGroup;
			children = (
				047983A929E423E6003B9C07 /* TaskCell.swift */,
				047983AA29E423E6003B9C07 /* TaskCell.xib */,
			);
			path = TaskCell;
			sourceTree = "<group>";
		};
		045C531129E5276B009B1F45 /* TaskView */ = {
			isa = PBXGroup;
			children = (
				E0E8070329EEB57E0068FC37 /* TasksView.swift */,
				E0E8070229EEB57A0068FC37 /* TasksView.xib */,
			);
			path = TaskView;
			sourceTree = "<group>";
		};
		045E428A29E56F6F005D3204 /* Utilities */ = {
			isa = PBXGroup;
			children = (
				E0E8070629EEB7ED0068FC37 /* Extensions.swift */,
				045E429329E56FF8005D3204 /* Constants */,
				045E429029E56FD7005D3204 /* Utility */,
			);
			path = Utilities;
			sourceTree = "<group>";
		};
		045E429029E56FD7005D3204 /* Utility */ = {
			isa = PBXGroup;
			children = (
				045E429129E56FE4005D3204 /* Utilities.swift */,
			);
			path = Utility;
			sourceTree = "<group>";
		};
		045E429329E56FF8005D3204 /* Constants */ = {
			isa = PBXGroup;
			children = (
				045E429429E57006005D3204 /* Constants.swift */,
			);
			path = Constants;
			sourceTree = "<group>";
		};
		045E429A29E57EB4005D3204 /* BaseViewController */ = {
			isa = PBXGroup;
			children = (
				045E429B29E57ECC005D3204 /* BaseViewController.swift */,
			);
			path = BaseViewController;
			sourceTree = "<group>";
		};
		047983A829E423AD003B9C07 /* Xib */ = {
			isa = PBXGroup;
			children = (
				049ED85F2A49594F008EA474 /* TaskCell2 */,
				04F53EC42A026A3700852FC1 /* dateViewSheet */,
				045C531129E5276B009B1F45 /* TaskView */,
				045C531029E52706009B1F45 /* TaskCell */,
			);
			path = Xib;
			sourceTree = "<group>";
		};
		049ED85F2A49594F008EA474 /* TaskCell2 */ = {
			isa = PBXGroup;
			children = (
				049ED8602A49598A008EA474 /* TaskCell2.xib */,
				049ED8622A4959CF008EA474 /* TaskCell2.swift */,
			);
			path = TaskCell2;
			sourceTree = "<group>";
		};
		04C0A4EE29D43D18005B82DD = {
			isa = PBXGroup;
			children = (
				04C0A4F929D43D18005B82DD /* ToDoApp */,
				04C0A51029D43D1A005B82DD /* ToDoAppTests */,
				04C0A51A29D43D1A005B82DD /* ToDoAppUITests */,
				04C0A4F829D43D18005B82DD /* Products */,
				ECB93EC68D33371B4E9D78AC /* Pods */,
				748F19AB17CA1530F77EE883 /* Frameworks */,
			);
			sourceTree = "<group>";
		};
		04C0A4F829D43D18005B82DD /* Products */ = {
			isa = PBXGroup;
			children = (
				04C0A4F729D43D18005B82DD /* ToDoApp.app */,
				04C0A50D29D43D1A005B82DD /* ToDoAppTests.xctest */,
				04C0A51729D43D1A005B82DD /* ToDoAppUITests.xctest */,
			);
			name = Products;
			sourceTree = "<group>";
		};
		04C0A4F929D43D18005B82DD /* ToDoApp */ = {
			isa = PBXGroup;
			children = (
				0412A9E02A36F8B700A22197 /* ToDoApp.entitlements */,
				040F8FDB2A090CA3005E7B14 /* ThirdPartyLibs */,
				04D1459D29FFBCDD006F1B79 /* Extensions */,
				041305FE29EFA4BC009116F7 /* Alarm tones */,
				0400828629E803D600444B26 /* Models */,
				045E429A29E57EB4005D3204 /* BaseViewController */,
				045E428A29E56F6F005D3204 /* Utilities */,
				047983A829E423AD003B9C07 /* Xib */,
				0421ED7C29D5973700C25C37 /* Tab Bar */,
				04C0A52A29D44E2A005B82DD /* CustomFiles */,
				0410CDFD29D563E9000EA4CB /* ViewControllers */,
				0410CE0029D564ED000EA4CB /* TableViewCells */,
				0410CE0329D56B59000EA4CB /* CollectionViewCells */,
				04C0A4FA29D43D18005B82DD /* AppDelegate.swift */,
				04C0A50029D43D18005B82DD /* Main.storyboard */,
				04C0A50329D43D1A005B82DD /* Assets.xcassets */,
				04C0A50529D43D1A005B82DD /* LaunchScreen.storyboard */,
				04C0A50829D43D1A005B82DD /* Info.plist */,
				0412A9ED2A370C3900A22197 /* GoogleService-Info.plist */,
			);
			path = ToDoApp;
			sourceTree = "<group>";
		};
		04C0A51029D43D1A005B82DD /* ToDoAppTests */ = {
			isa = PBXGroup;
			children = (
				04C0A51129D43D1A005B82DD /* ToDoAppTests.swift */,
			);
			path = ToDoAppTests;
			sourceTree = "<group>";
		};
		04C0A51A29D43D1A005B82DD /* ToDoAppUITests */ = {
			isa = PBXGroup;
			children = (
				04C0A51B29D43D1A005B82DD /* ToDoAppUITests.swift */,
				04C0A51D29D43D1A005B82DD /* ToDoAppUITestsLaunchTests.swift */,
			);
			path = ToDoAppUITests;
			sourceTree = "<group>";
		};
		04C0A52A29D44E2A005B82DD /* CustomFiles */ = {
			isa = PBXGroup;
			children = (
				04F53EC22A02564F00852FC1 /* MonthYear.swift */,
				044C30E329D57EC200DC627B /* CustomView.swift */,
				E06BF03829E959860020C245 /* CustomSegmentedControl.swift */,
				044C30E529D588D100DC627B /* CustomLabel.swift */,
				044C30E729D5897100DC627B /* CornerView.swift */,
				049ED8662A499CDF008EA474 /* CustomViewWithGesture.swift */,
			);
			path = CustomFiles;
			sourceTree = "<group>";
		};
		04D1459D29FFBCDD006F1B79 /* Extensions */ = {
			isa = PBXGroup;
			children = (
				04D1459E29FFBCEA006F1B79 /* UIColorExtension.swift */,
			);
			path = Extensions;
			sourceTree = "<group>";
		};
		04D1E86029ECFC87002829D5 /* Task */ = {
			isa = PBXGroup;
			children = (
				04D1E86129ECFCAF002829D5 /* Task.swift */,
			);
			path = Task;
			sourceTree = "<group>";
		};
		04D1E86329ED0C2A002829D5 /* Category */ = {
			isa = PBXGroup;
			children = (
				04D1E86429ED0D00002829D5 /* TaskCategory.swift */,
			);
			path = Category;
			sourceTree = "<group>";
		};
		04F53EC42A026A3700852FC1 /* dateViewSheet */ = {
			isa = PBXGroup;
			children = (
				04F53EC92A026ABB00852FC1 /* MonthYearPickerView.swift */,
				04F53ECA2A026ABC00852FC1 /* MonthYearPickerViewController.swift */,
				04F53EC72A026A7F00852FC1 /* MonthYearPickerViewController.xib */,
				04F53ECD2A026AC700852FC1 /* CustomVisualEffectView.swift */,
			);
			path = dateViewSheet;
			sourceTree = "<group>";
		};
		748F19AB17CA1530F77EE883 /* Frameworks */ = {
			isa = PBXGroup;
			children = (
				F696C7720B1D79D053DA9B77 /* Pods_ToDoApp.framework */,
			);
			name = Frameworks;
			sourceTree = "<group>";
		};
		ECB93EC68D33371B4E9D78AC /* Pods */ = {
			isa = PBXGroup;
			children = (
				7F3D6A78B107B65A4DA3A5FE /* Pods-ToDoApp.debug.xcconfig */,
				14B3BB3DE2861F53460FED61 /* Pods-ToDoApp.release.xcconfig */,
			);
			path = Pods;
			sourceTree = "<group>";
		};
/* End PBXGroup section */

/* Begin PBXNativeTarget section */
		04C0A4F629D43D18005B82DD /* ToDoApp */ = {
			isa = PBXNativeTarget;
			buildConfigurationList = 04C0A52129D43D1A005B82DD /* Build configuration list for PBXNativeTarget "ToDoApp" */;
			buildPhases = (
				5B4D4910F539CCE173AE6825 /* [CP] Check Pods Manifest.lock */,
				04C0A4F329D43D18005B82DD /* Sources */,
				04C0A4F429D43D18005B82DD /* Frameworks */,
				04C0A4F529D43D18005B82DD /* Resources */,
				74001BC9BD6C4208DC1C129F /* [CP] Embed Pods Frameworks */,
			);
			buildRules = (
			);
			dependencies = (
			);
			name = ToDoApp;
			productName = ToDoApp;
			productReference = 04C0A4F729D43D18005B82DD /* ToDoApp.app */;
			productType = "com.apple.product-type.application";
		};
		04C0A50C29D43D1A005B82DD /* ToDoAppTests */ = {
			isa = PBXNativeTarget;
			buildConfigurationList = 04C0A52429D43D1A005B82DD /* Build configuration list for PBXNativeTarget "ToDoAppTests" */;
			buildPhases = (
				04C0A50929D43D1A005B82DD /* Sources */,
				04C0A50A29D43D1A005B82DD /* Frameworks */,
				04C0A50B29D43D1A005B82DD /* Resources */,
			);
			buildRules = (
			);
			dependencies = (
				04C0A50F29D43D1A005B82DD /* PBXTargetDependency */,
			);
			name = ToDoAppTests;
			productName = ToDoAppTests;
			productReference = 04C0A50D29D43D1A005B82DD /* ToDoAppTests.xctest */;
			productType = "com.apple.product-type.bundle.unit-test";
		};
		04C0A51629D43D1A005B82DD /* ToDoAppUITests */ = {
			isa = PBXNativeTarget;
			buildConfigurationList = 04C0A52729D43D1A005B82DD /* Build configuration list for PBXNativeTarget "ToDoAppUITests" */;
			buildPhases = (
				04C0A51329D43D1A005B82DD /* Sources */,
				04C0A51429D43D1A005B82DD /* Frameworks */,
				04C0A51529D43D1A005B82DD /* Resources */,
			);
			buildRules = (
			);
			dependencies = (
				04C0A51929D43D1A005B82DD /* PBXTargetDependency */,
			);
			name = ToDoAppUITests;
			productName = ToDoAppUITests;
			productReference = 04C0A51729D43D1A005B82DD /* ToDoAppUITests.xctest */;
			productType = "com.apple.product-type.bundle.ui-testing";
		};
/* End PBXNativeTarget section */

/* Begin PBXProject section */
		04C0A4EF29D43D18005B82DD /* Project object */ = {
			isa = PBXProject;
			attributes = {
				BuildIndependentTargetsInParallel = 1;
				LastSwiftUpdateCheck = 1340;
				LastUpgradeCheck = 1340;
				TargetAttributes = {
					04C0A4F629D43D18005B82DD = {
						CreatedOnToolsVersion = 13.4.1;
					};
					04C0A50C29D43D1A005B82DD = {
						CreatedOnToolsVersion = 13.4.1;
						TestTargetID = 04C0A4F629D43D18005B82DD;
					};
					04C0A51629D43D1A005B82DD = {
						CreatedOnToolsVersion = 13.4.1;
						TestTargetID = 04C0A4F629D43D18005B82DD;
					};
				};
			};
			buildConfigurationList = 04C0A4F229D43D18005B82DD /* Build configuration list for PBXProject "ToDoApp" */;
			compatibilityVersion = "Xcode 13.0";
			developmentRegion = en;
			hasScannedForEncodings = 0;
			knownRegions = (
				en,
				Base,
			);
			mainGroup = 04C0A4EE29D43D18005B82DD;
			productRefGroup = 04C0A4F829D43D18005B82DD /* Products */;
			projectDirPath = "";
			projectRoot = "";
			targets = (
				04C0A4F629D43D18005B82DD /* ToDoApp */,
				04C0A50C29D43D1A005B82DD /* ToDoAppTests */,
				04C0A51629D43D1A005B82DD /* ToDoAppUITests */,
			);
		};
/* End PBXProject section */

/* Begin PBXResourcesBuildPhase section */
		04C0A4F529D43D18005B82DD /* Resources */ = {
			isa = PBXResourcesBuildPhase;
			buildActionMask = 2147483647;
			files = (
				047983AC29E423E6003B9C07 /* TaskCell.xib in Resources */,
				04C0A50729D43D1A005B82DD /* LaunchScreen.storyboard in Resources */,
				049ED8612A49598A008EA474 /* TaskCell2.xib in Resources */,
				04F53EC82A026A7F00852FC1 /* MonthYearPickerViewController.xib in Resources */,
				04DFB19D2A120EAA00BC729D /* alarm-2.wav in Resources */,
				04C0A50429D43D1A005B82DD /* Assets.xcassets in Resources */,
				0412A9EE2A370C3900A22197 /* GoogleService-Info.plist in Resources */,
				040F8FE22A090CCA005E7B14 /* DropDownTableViewCell.xib in Resources */,
				04C0A50229D43D18005B82DD /* Main.storyboard in Resources */,
				046D349E2A0E873700C5610A /* final tone.mp3 in Resources */,
				0413060229EFA4F0009116F7 /* alarm-1.wav in Resources */,
				E0E8070429EEB57E0068FC37 /* TasksView.xib in Resources */,
				046D34A02A0E882B00C5610A /* beep4.mp3 in Resources */,
			);
			runOnlyForDeploymentPostprocessing = 0;
		};
		04C0A50B29D43D1A005B82DD /* Resources */ = {
			isa = PBXResourcesBuildPhase;
			buildActionMask = 2147483647;
			files = (
			);
			runOnlyForDeploymentPostprocessing = 0;
		};
		04C0A51529D43D1A005B82DD /* Resources */ = {
			isa = PBXResourcesBuildPhase;
			buildActionMask = 2147483647;
			files = (
			);
			runOnlyForDeploymentPostprocessing = 0;
		};
/* End PBXResourcesBuildPhase section */

/* Begin PBXShellScriptBuildPhase section */
		5B4D4910F539CCE173AE6825 /* [CP] Check Pods Manifest.lock */ = {
			isa = PBXShellScriptBuildPhase;
			buildActionMask = 2147483647;
			files = (
			);
			inputFileListPaths = (
			);
			inputPaths = (
				"${PODS_PODFILE_DIR_PATH}/Podfile.lock",
				"${PODS_ROOT}/Manifest.lock",
			);
			name = "[CP] Check Pods Manifest.lock";
			outputFileListPaths = (
			);
			outputPaths = (
				"$(DERIVED_FILE_DIR)/Pods-ToDoApp-checkManifestLockResult.txt",
			);
			runOnlyForDeploymentPostprocessing = 0;
			shellPath = /bin/sh;
			shellScript = "diff \"${PODS_PODFILE_DIR_PATH}/Podfile.lock\" \"${PODS_ROOT}/Manifest.lock\" > /dev/null\nif [ $? != 0 ] ; then\n    # print error to STDERR\n    echo \"error: The sandbox is not in sync with the Podfile.lock. Run 'pod install' or update your CocoaPods installation.\" >&2\n    exit 1\nfi\n# This output is used by Xcode 'outputs' to avoid re-running this script phase.\necho \"SUCCESS\" > \"${SCRIPT_OUTPUT_FILE_0}\"\n";
			showEnvVarsInLog = 0;
		};
		74001BC9BD6C4208DC1C129F /* [CP] Embed Pods Frameworks */ = {
			isa = PBXShellScriptBuildPhase;
			buildActionMask = 2147483647;
			files = (
			);
			inputFileListPaths = (
				"${PODS_ROOT}/Target Support Files/Pods-ToDoApp/Pods-ToDoApp-frameworks-${CONFIGURATION}-input-files.xcfilelist",
			);
			name = "[CP] Embed Pods Frameworks";
			outputFileListPaths = (
				"${PODS_ROOT}/Target Support Files/Pods-ToDoApp/Pods-ToDoApp-frameworks-${CONFIGURATION}-output-files.xcfilelist",
			);
			runOnlyForDeploymentPostprocessing = 0;
			shellPath = /bin/sh;
			shellScript = "\"${PODS_ROOT}/Target Support Files/Pods-ToDoApp/Pods-ToDoApp-frameworks.sh\"\n";
			showEnvVarsInLog = 0;
		};
/* End PBXShellScriptBuildPhase section */

/* Begin PBXSourcesBuildPhase section */
		04C0A4F329D43D18005B82DD /* Sources */ = {
			isa = PBXSourcesBuildPhase;
			buildActionMask = 2147483647;
			files = (
				E0E806FF29EEB52A0068FC37 /* HomeViewController.swift in Sources */,
				E0E8070029EEB52A0068FC37 /* InitialViewController.swift in Sources */,
				044C30E429D57EC200DC627B /* CustomView.swift in Sources */,
				040F8FE02A090CCA005E7B14 /* MakeDropDown.swift in Sources */,
				E0E8070529EEB57E0068FC37 /* TasksView.swift in Sources */,
				04D1E86529ED0D00002829D5 /* TaskCategory.swift in Sources */,
				047983AB29E423E6003B9C07 /* TaskCell.swift in Sources */,
				04A5093A29FFECD6002818CE /* CategoryIconViewController.swift in Sources */,
				0400828929E803FB00444B26 /* User.swift in Sources */,
				049ED8652A498655008EA474 /* HomeCollectionViewCell2.swift in Sources */,
				E0E8070729EEB7ED0068FC37 /* Extensions.swift in Sources */,
				04A5093E29FFED92002818CE /* CategoryIconsCollectionViewCell.swift in Sources */,
				04D1459F29FFBCEA006F1B79 /* UIColorExtension.swift in Sources */,
				0423F14129E01F4800AF7C6F /* TestTableCell.swift in Sources */,
				0423F13F29E01E9100AF7C6F /* SeachTaskViewController.swift in Sources */,
				04F53ECC2A026ABC00852FC1 /* MonthYearPickerViewController.swift in Sources */,
				04002FD729F7C759004908BB /* AboutUsViewController.swift in Sources */,
				045E429C29E57ECC005D3204 /* BaseViewController.swift in Sources */,
				04928C962A0BAD4A008C3E6C /* InitialNavigationController.swift in Sources */,
				04F53EC32A02564F00852FC1 /* MonthYear.swift in Sources */,
				045C530929E52538009B1F45 /* CreateTaskViewController.swift in Sources */,
				045E429929E57A85005D3204 /* InitialTabController.swift in Sources */,
				040F8FE12A090CCA005E7B14 /* CityModel.swift in Sources */,
				04F28B7629E3C5F900B5D5DA /* SettingViewController.swift in Sources */,
				E0E806FB29EEB4E80068FC37 /* HomeTableViewCell.swift in Sources */,
				044C30E829D5897100DC627B /* CornerView.swift in Sources */,
				04247C8A2A45D06D00EC6F81 /* AddTaskViewController.swift in Sources */,
				04BB97CA2A0A563900EF7F50 /* TabBarViewController.swift in Sources */,
				0412A9EA2A37009E00A22197 /* ViewController1.swift in Sources */,
				04F53ECE2A026AC700852FC1 /* CustomVisualEffectView.swift in Sources */,
				049ED8632A4959CF008EA474 /* TaskCell2.swift in Sources */,
				0412A9E82A37009E00A22197 /* OnBoardingViewController.swift in Sources */,
				045E429529E57006005D3204 /* Constants.swift in Sources */,
				045C530D29E526CB009B1F45 /* HomeCollectionViewCell.swift in Sources */,
				E0E8070129EEB52A0068FC37 /* CategoryViewController.swift in Sources */,
				040B09152A01441E001D6BA2 /* PopupViewController.swift in Sources */,
				049ED85E2A481921008EA474 /* HomeViewController2.swift in Sources */,
				0463DDC529FF0F08007DB454 /* AddCategoryViewController.swift in Sources */,
				0421ED8029D5979A00C25C37 /* CustomTabBarController.swift in Sources */,
				0421ED7E29D5975B00C25C37 /* CustomTabBar.swift in Sources */,
				E0E806F929EEB4CB0068FC37 /* CategoryCollectionViewCell.swift in Sources */,
				04C0A4FB29D43D18005B82DD /* AppDelegate.swift in Sources */,
				0412A9E72A37009E00A22197 /* ViewController3.swift in Sources */,
				04B32B1A2A39E6C70054AFB7 /* SignUpViewController.swift in Sources */,
				E06BF03929E959860020C245 /* CustomSegmentedControl.swift in Sources */,
				0412A9E62A37009E00A22197 /* ViewController2.swift in Sources */,
				04C0A4FD29D43D18005B82DD /* SceneDelegate.swift in Sources */,
				04D7EF1729D6E1A4006A970D /* CalendarViewController.swift in Sources */,
				045E429229E56FE4005D3204 /* Utilities.swift in Sources */,
				04D1E86229ECFCAF002829D5 /* Task.swift in Sources */,
				04D1459C29FFBBC3006F1B79 /* ColorCollectionViewCell.swift in Sources */,
				040F8FE32A090CCA005E7B14 /* DropDownTableViewCell.swift in Sources */,
				04F53ECB2A026ABC00852FC1 /* MonthYearPickerView.swift in Sources */,
				0412A9E92A37009E00A22197 /* OnBoardingPageViewController.swift in Sources */,
				044C30E629D588D100DC627B /* CustomLabel.swift in Sources */,
				049ED8672A499CDF008EA474 /* CustomViewWithGesture.swift in Sources */,
			);
			runOnlyForDeploymentPostprocessing = 0;
		};
		04C0A50929D43D1A005B82DD /* Sources */ = {
			isa = PBXSourcesBuildPhase;
			buildActionMask = 2147483647;
			files = (
				04C0A51229D43D1A005B82DD /* ToDoAppTests.swift in Sources */,
			);
			runOnlyForDeploymentPostprocessing = 0;
		};
		04C0A51329D43D1A005B82DD /* Sources */ = {
			isa = PBXSourcesBuildPhase;
			buildActionMask = 2147483647;
			files = (
				04C0A51E29D43D1A005B82DD /* ToDoAppUITestsLaunchTests.swift in Sources */,
				04C0A51C29D43D1A005B82DD /* ToDoAppUITests.swift in Sources */,
			);
			runOnlyForDeploymentPostprocessing = 0;
		};
/* End PBXSourcesBuildPhase section */

/* Begin PBXTargetDependency section */
		04C0A50F29D43D1A005B82DD /* PBXTargetDependency */ = {
			isa = PBXTargetDependency;
			target = 04C0A4F629D43D18005B82DD /* ToDoApp */;
			targetProxy = 04C0A50E29D43D1A005B82DD /* PBXContainerItemProxy */;
		};
		04C0A51929D43D1A005B82DD /* PBXTargetDependency */ = {
			isa = PBXTargetDependency;
			target = 04C0A4F629D43D18005B82DD /* ToDoApp */;
			targetProxy = 04C0A51829D43D1A005B82DD /* PBXContainerItemProxy */;
		};
/* End PBXTargetDependency section */

/* Begin PBXVariantGroup section */
		04C0A50029D43D18005B82DD /* Main.storyboard */ = {
			isa = PBXVariantGroup;
			children = (
				04C0A50129D43D18005B82DD /* Base */,
			);
			name = Main.storyboard;
			sourceTree = "<group>";
		};
		04C0A50529D43D1A005B82DD /* LaunchScreen.storyboard */ = {
			isa = PBXVariantGroup;
			children = (
				04C0A50629D43D1A005B82DD /* Base */,
			);
			name = LaunchScreen.storyboard;
			sourceTree = "<group>";
		};
/* End PBXVariantGroup section */

/* Begin XCBuildConfiguration section */
		04C0A51F29D43D1A005B82DD /* Debug */ = {
			isa = XCBuildConfiguration;
			buildSettings = {
				ALWAYS_SEARCH_USER_PATHS = NO;
				CLANG_ANALYZER_NONNULL = YES;
				CLANG_ANALYZER_NUMBER_OBJECT_CONVERSION = YES_AGGRESSIVE;
				CLANG_CXX_LANGUAGE_STANDARD = "gnu++17";
				CLANG_ENABLE_MODULES = YES;
				CLANG_ENABLE_OBJC_ARC = YES;
				CLANG_ENABLE_OBJC_WEAK = YES;
				CLANG_WARN_BLOCK_CAPTURE_AUTORELEASING = YES;
				CLANG_WARN_BOOL_CONVERSION = YES;
				CLANG_WARN_COMMA = YES;
				CLANG_WARN_CONSTANT_CONVERSION = YES;
				CLANG_WARN_DEPRECATED_OBJC_IMPLEMENTATIONS = YES;
				CLANG_WARN_DIRECT_OBJC_ISA_USAGE = YES_ERROR;
				CLANG_WARN_DOCUMENTATION_COMMENTS = YES;
				CLANG_WARN_EMPTY_BODY = YES;
				CLANG_WARN_ENUM_CONVERSION = YES;
				CLANG_WARN_INFINITE_RECURSION = YES;
				CLANG_WARN_INT_CONVERSION = YES;
				CLANG_WARN_NON_LITERAL_NULL_CONVERSION = YES;
				CLANG_WARN_OBJC_IMPLICIT_RETAIN_SELF = YES;
				CLANG_WARN_OBJC_LITERAL_CONVERSION = YES;
				CLANG_WARN_OBJC_ROOT_CLASS = YES_ERROR;
				CLANG_WARN_QUOTED_INCLUDE_IN_FRAMEWORK_HEADER = YES;
				CLANG_WARN_RANGE_LOOP_ANALYSIS = YES;
				CLANG_WARN_STRICT_PROTOTYPES = YES;
				CLANG_WARN_SUSPICIOUS_MOVE = YES;
				CLANG_WARN_UNGUARDED_AVAILABILITY = YES_AGGRESSIVE;
				CLANG_WARN_UNREACHABLE_CODE = YES;
				CLANG_WARN__DUPLICATE_METHOD_MATCH = YES;
				COPY_PHASE_STRIP = NO;
				DEBUG_INFORMATION_FORMAT = dwarf;
				ENABLE_STRICT_OBJC_MSGSEND = YES;
				ENABLE_TESTABILITY = YES;
				GCC_C_LANGUAGE_STANDARD = gnu11;
				GCC_DYNAMIC_NO_PIC = NO;
				GCC_NO_COMMON_BLOCKS = YES;
				GCC_OPTIMIZATION_LEVEL = 0;
				GCC_PREPROCESSOR_DEFINITIONS = (
					"DEBUG=1",
					"$(inherited)",
				);
				GCC_WARN_64_TO_32_BIT_CONVERSION = YES;
				GCC_WARN_ABOUT_RETURN_TYPE = YES_ERROR;
				GCC_WARN_UNDECLARED_SELECTOR = YES;
				GCC_WARN_UNINITIALIZED_AUTOS = YES_AGGRESSIVE;
				GCC_WARN_UNUSED_FUNCTION = YES;
				GCC_WARN_UNUSED_VARIABLE = YES;
				INFOPLIST_KEY_UILaunchScreen_Generation = NO;
				IPHONEOS_DEPLOYMENT_TARGET = 15.5;
				MTL_ENABLE_DEBUG_INFO = INCLUDE_SOURCE;
				MTL_FAST_MATH = YES;
				ONLY_ACTIVE_ARCH = YES;
				SDKROOT = iphoneos;
				SWIFT_ACTIVE_COMPILATION_CONDITIONS = DEBUG;
				SWIFT_OPTIMIZATION_LEVEL = "-Onone";
			};
			name = Debug;
		};
		04C0A52029D43D1A005B82DD /* Release */ = {
			isa = XCBuildConfiguration;
			buildSettings = {
				ALWAYS_SEARCH_USER_PATHS = NO;
				CLANG_ANALYZER_NONNULL = YES;
				CLANG_ANALYZER_NUMBER_OBJECT_CONVERSION = YES_AGGRESSIVE;
				CLANG_CXX_LANGUAGE_STANDARD = "gnu++17";
				CLANG_ENABLE_MODULES = YES;
				CLANG_ENABLE_OBJC_ARC = YES;
				CLANG_ENABLE_OBJC_WEAK = YES;
				CLANG_WARN_BLOCK_CAPTURE_AUTORELEASING = YES;
				CLANG_WARN_BOOL_CONVERSION = YES;
				CLANG_WARN_COMMA = YES;
				CLANG_WARN_CONSTANT_CONVERSION = YES;
				CLANG_WARN_DEPRECATED_OBJC_IMPLEMENTATIONS = YES;
				CLANG_WARN_DIRECT_OBJC_ISA_USAGE = YES_ERROR;
				CLANG_WARN_DOCUMENTATION_COMMENTS = YES;
				CLANG_WARN_EMPTY_BODY = YES;
				CLANG_WARN_ENUM_CONVERSION = YES;
				CLANG_WARN_INFINITE_RECURSION = YES;
				CLANG_WARN_INT_CONVERSION = YES;
				CLANG_WARN_NON_LITERAL_NULL_CONVERSION = YES;
				CLANG_WARN_OBJC_IMPLICIT_RETAIN_SELF = YES;
				CLANG_WARN_OBJC_LITERAL_CONVERSION = YES;
				CLANG_WARN_OBJC_ROOT_CLASS = YES_ERROR;
				CLANG_WARN_QUOTED_INCLUDE_IN_FRAMEWORK_HEADER = YES;
				CLANG_WARN_RANGE_LOOP_ANALYSIS = YES;
				CLANG_WARN_STRICT_PROTOTYPES = YES;
				CLANG_WARN_SUSPICIOUS_MOVE = YES;
				CLANG_WARN_UNGUARDED_AVAILABILITY = YES_AGGRESSIVE;
				CLANG_WARN_UNREACHABLE_CODE = YES;
				CLANG_WARN__DUPLICATE_METHOD_MATCH = YES;
				COPY_PHASE_STRIP = NO;
				DEBUG_INFORMATION_FORMAT = "dwarf-with-dsym";
				ENABLE_NS_ASSERTIONS = NO;
				ENABLE_STRICT_OBJC_MSGSEND = YES;
				GCC_C_LANGUAGE_STANDARD = gnu11;
				GCC_NO_COMMON_BLOCKS = YES;
				GCC_WARN_64_TO_32_BIT_CONVERSION = YES;
				GCC_WARN_ABOUT_RETURN_TYPE = YES_ERROR;
				GCC_WARN_UNDECLARED_SELECTOR = YES;
				GCC_WARN_UNINITIALIZED_AUTOS = YES_AGGRESSIVE;
				GCC_WARN_UNUSED_FUNCTION = YES;
				GCC_WARN_UNUSED_VARIABLE = YES;
				INFOPLIST_KEY_UILaunchScreen_Generation = NO;
				IPHONEOS_DEPLOYMENT_TARGET = 15.5;
				MTL_ENABLE_DEBUG_INFO = NO;
				MTL_FAST_MATH = YES;
				SDKROOT = iphoneos;
				SWIFT_COMPILATION_MODE = wholemodule;
				SWIFT_OPTIMIZATION_LEVEL = "-O";
				VALIDATE_PRODUCT = YES;
			};
			name = Release;
		};
		04C0A52229D43D1A005B82DD /* Debug */ = {
			isa = XCBuildConfiguration;
			baseConfigurationReference = 7F3D6A78B107B65A4DA3A5FE /* Pods-ToDoApp.debug.xcconfig */;
			buildSettings = {
				ASSETCATALOG_COMPILER_APPICON_NAME = AppIcon;
				ASSETCATALOG_COMPILER_GLOBAL_ACCENT_COLOR_NAME = AccentColor;
				CODE_SIGN_ENTITLEMENTS = ToDoApp/ToDoApp.entitlements;
				CODE_SIGN_IDENTITY = "Apple Development";
				CODE_SIGN_STYLE = Automatic;
				CURRENT_PROJECT_VERSION = 1;
				DEVELOPMENT_TEAM = 4SJBBP6DAW;
				ENABLE_BITCODE = NO;
				GENERATE_INFOPLIST_FILE = YES;
				INFOPLIST_FILE = ToDoApp/Info.plist;
				INFOPLIST_KEY_CFBundleDisplayName = "Daily Planner";
				INFOPLIST_KEY_NSUserTrackingUsageDescription = "This identifier will be used to deliver personalized ads to you.";
				INFOPLIST_KEY_UIApplicationSupportsIndirectInputEvents = YES;
				INFOPLIST_KEY_UILaunchStoryboardName = LaunchScreen;
				INFOPLIST_KEY_UIMainStoryboardFile = Main;
				INFOPLIST_KEY_UISupportedInterfaceOrientations = UIInterfaceOrientationPortrait;
				INFOPLIST_KEY_UISupportedInterfaceOrientations_iPad = "UIInterfaceOrientationPortrait UIInterfaceOrientationPortraitUpsideDown UIInterfaceOrientationLandscapeLeft UIInterfaceOrientationLandscapeRight";
				INFOPLIST_KEY_UISupportedInterfaceOrientations_iPhone = "UIInterfaceOrientationPortrait UIInterfaceOrientationLandscapeLeft UIInterfaceOrientationLandscapeRight";
				IPHONEOS_DEPLOYMENT_TARGET = 13.0;
				LD_RUNPATH_SEARCH_PATHS = (
					"$(inherited)",
					"@executable_path/Frameworks",
				);
				MARKETING_VERSION = 1.0;
				PRODUCT_BUNDLE_IDENTIFIER = com.cs.daily.planner.schedule.list;
				PRODUCT_NAME = "$(TARGET_NAME)";
				PROVISIONING_PROFILE_SPECIFIER = "";
				SWIFT_EMIT_LOC_STRINGS = YES;
				SWIFT_VERSION = 5.0;
				TARGETED_DEVICE_FAMILY = 1;
			};
			name = Debug;
		};
		04C0A52329D43D1A005B82DD /* Release */ = {
			isa = XCBuildConfiguration;
			baseConfigurationReference = 14B3BB3DE2861F53460FED61 /* Pods-ToDoApp.release.xcconfig */;
			buildSettings = {
				ASSETCATALOG_COMPILER_APPICON_NAME = AppIcon;
				ASSETCATALOG_COMPILER_GLOBAL_ACCENT_COLOR_NAME = AccentColor;
				CODE_SIGN_ENTITLEMENTS = ToDoApp/ToDoApp.entitlements;
				CODE_SIGN_IDENTITY = "Apple Development";
				CODE_SIGN_STYLE = Automatic;
				CURRENT_PROJECT_VERSION = 1;
				DEVELOPMENT_TEAM = 4SJBBP6DAW;
				ENABLE_BITCODE = NO;
				GENERATE_INFOPLIST_FILE = YES;
				INFOPLIST_FILE = ToDoApp/Info.plist;
				INFOPLIST_KEY_CFBundleDisplayName = "Daily Planner";
				INFOPLIST_KEY_NSUserTrackingUsageDescription = "This identifier will be used to deliver personalized ads to you.";
				INFOPLIST_KEY_UIApplicationSupportsIndirectInputEvents = YES;
				INFOPLIST_KEY_UILaunchStoryboardName = LaunchScreen;
				INFOPLIST_KEY_UIMainStoryboardFile = Main;
				INFOPLIST_KEY_UISupportedInterfaceOrientations = UIInterfaceOrientationPortrait;
				INFOPLIST_KEY_UISupportedInterfaceOrientations_iPad = "UIInterfaceOrientationPortrait UIInterfaceOrientationPortraitUpsideDown UIInterfaceOrientationLandscapeLeft UIInterfaceOrientationLandscapeRight";
				INFOPLIST_KEY_UISupportedInterfaceOrientations_iPhone = "UIInterfaceOrientationPortrait UIInterfaceOrientationLandscapeLeft UIInterfaceOrientationLandscapeRight";
				IPHONEOS_DEPLOYMENT_TARGET = 13.0;
				LD_RUNPATH_SEARCH_PATHS = (
					"$(inherited)",
					"@executable_path/Frameworks",
				);
				MARKETING_VERSION = 1.0;
				ONLY_ACTIVE_ARCH = YES;
				PRODUCT_BUNDLE_IDENTIFIER = com.cs.daily.planner.schedule.list;
				PRODUCT_NAME = "$(TARGET_NAME)";
				PROVISIONING_PROFILE_SPECIFIER = "";
				SWIFT_EMIT_LOC_STRINGS = YES;
				SWIFT_VERSION = 5.0;
				TARGETED_DEVICE_FAMILY = 1;
			};
			name = Release;
		};
		04C0A52529D43D1A005B82DD /* Debug */ = {
			isa = XCBuildConfiguration;
			buildSettings = {
				ALWAYS_EMBED_SWIFT_STANDARD_LIBRARIES = YES;
				BUNDLE_LOADER = "$(TEST_HOST)";
				CODE_SIGN_STYLE = Automatic;
				CURRENT_PROJECT_VERSION = 1;
				GENERATE_INFOPLIST_FILE = YES;
				IPHONEOS_DEPLOYMENT_TARGET = 15.5;
				MARKETING_VERSION = 1.0;
				PRODUCT_BUNDLE_IDENTIFIER = "adeel-butt.ToDoAppTests";
				PRODUCT_NAME = "$(TARGET_NAME)";
				SWIFT_EMIT_LOC_STRINGS = NO;
				SWIFT_VERSION = 5.0;
				TARGETED_DEVICE_FAMILY = "1,2";
				TEST_HOST = "$(BUILT_PRODUCTS_DIR)/ToDoApp.app/ToDoApp";
			};
			name = Debug;
		};
		04C0A52629D43D1A005B82DD /* Release */ = {
			isa = XCBuildConfiguration;
			buildSettings = {
				ALWAYS_EMBED_SWIFT_STANDARD_LIBRARIES = YES;
				BUNDLE_LOADER = "$(TEST_HOST)";
				CODE_SIGN_STYLE = Automatic;
				CURRENT_PROJECT_VERSION = 1;
				GENERATE_INFOPLIST_FILE = YES;
				IPHONEOS_DEPLOYMENT_TARGET = 15.5;
				MARKETING_VERSION = 1.0;
				PRODUCT_BUNDLE_IDENTIFIER = "adeel-butt.ToDoAppTests";
				PRODUCT_NAME = "$(TARGET_NAME)";
				SWIFT_EMIT_LOC_STRINGS = NO;
				SWIFT_VERSION = 5.0;
				TARGETED_DEVICE_FAMILY = "1,2";
				TEST_HOST = "$(BUILT_PRODUCTS_DIR)/ToDoApp.app/ToDoApp";
			};
			name = Release;
		};
		04C0A52829D43D1A005B82DD /* Debug */ = {
			isa = XCBuildConfiguration;
			buildSettings = {
				ALWAYS_EMBED_SWIFT_STANDARD_LIBRARIES = YES;
				CODE_SIGN_STYLE = Automatic;
				CURRENT_PROJECT_VERSION = 1;
				GENERATE_INFOPLIST_FILE = YES;
				MARKETING_VERSION = 1.0;
				PRODUCT_BUNDLE_IDENTIFIER = "adeel-butt.ToDoAppUITests";
				PRODUCT_NAME = "$(TARGET_NAME)";
				SWIFT_EMIT_LOC_STRINGS = NO;
				SWIFT_VERSION = 5.0;
				TARGETED_DEVICE_FAMILY = "1,2";
				TEST_TARGET_NAME = ToDoApp;
			};
			name = Debug;
		};
		04C0A52929D43D1A005B82DD /* Release */ = {
			isa = XCBuildConfiguration;
			buildSettings = {
				ALWAYS_EMBED_SWIFT_STANDARD_LIBRARIES = YES;
				CODE_SIGN_STYLE = Automatic;
				CURRENT_PROJECT_VERSION = 1;
				GENERATE_INFOPLIST_FILE = YES;
				MARKETING_VERSION = 1.0;
				PRODUCT_BUNDLE_IDENTIFIER = "adeel-butt.ToDoAppUITests";
				PRODUCT_NAME = "$(TARGET_NAME)";
				SWIFT_EMIT_LOC_STRINGS = NO;
				SWIFT_VERSION = 5.0;
				TARGETED_DEVICE_FAMILY = "1,2";
				TEST_TARGET_NAME = ToDoApp;
			};
			name = Release;
		};
/* End XCBuildConfiguration section */

/* Begin XCConfigurationList section */
		04C0A4F229D43D18005B82DD /* Build configuration list for PBXProject "ToDoApp" */ = {
			isa = XCConfigurationList;
			buildConfigurations = (
				04C0A51F29D43D1A005B82DD /* Debug */,
				04C0A52029D43D1A005B82DD /* Release */,
			);
			defaultConfigurationIsVisible = 0;
			defaultConfigurationName = Release;
		};
		04C0A52129D43D1A005B82DD /* Build configuration list for PBXNativeTarget "ToDoApp" */ = {
			isa = XCConfigurationList;
			buildConfigurations = (
				04C0A52229D43D1A005B82DD /* Debug */,
				04C0A52329D43D1A005B82DD /* Release */,
			);
			defaultConfigurationIsVisible = 0;
			defaultConfigurationName = Release;
		};
		04C0A52429D43D1A005B82DD /* Build configuration list for PBXNativeTarget "ToDoAppTests" */ = {
			isa = XCConfigurationList;
			buildConfigurations = (
				04C0A52529D43D1A005B82DD /* Debug */,
				04C0A52629D43D1A005B82DD /* Release */,
			);
			defaultConfigurationIsVisible = 0;
			defaultConfigurationName = Release;
		};
		04C0A52729D43D1A005B82DD /* Build configuration list for PBXNativeTarget "ToDoAppUITests" */ = {
			isa = XCConfigurationList;
			buildConfigurations = (
				04C0A52829D43D1A005B82DD /* Debug */,
				04C0A52929D43D1A005B82DD /* Release */,
			);
			defaultConfigurationIsVisible = 0;
			defaultConfigurationName = Release;
		};
/* End XCConfigurationList section */
	};
	rootObject = 04C0A4EF29D43D18005B82DD /* Project object */;
}
